// !$*UTF8*$!
{
	archiveVersion = 1;
	classes = {
	};
	objectVersion = 56;
	objects = {

/* Begin PBXBuildFile section */
		0B77B3632A2C3B4800561D06 /* conv3.bin in Resources */ = {isa = PBXBuildFile; fileRef = 0B77B35A2A2C3B4600561D06 /* conv3.bin */; };
		0B77B3642A2C3B4800561D06 /* conv5.bin in Resources */ = {isa = PBXBuildFile; fileRef = 0B77B35B2A2C3B4600561D06 /* conv5.bin */; };
		0B77B3652A2C3B4800561D06 /* conv7.bin in Resources */ = {isa = PBXBuildFile; fileRef = 0B77B35C2A2C3B4600561D06 /* conv7.bin */; };
		0B77B3662A2C3B4800561D06 /* conv8.bin in Resources */ = {isa = PBXBuildFile; fileRef = 0B77B35D2A2C3B4700561D06 /* conv8.bin */; };
		0B77B3672A2C3B4800561D06 /* conv9.bin in Resources */ = {isa = PBXBuildFile; fileRef = 0B77B35E2A2C3B4700561D06 /* conv9.bin */; };
		0B77B3682A2C3B4800561D06 /* conv1.bin in Resources */ = {isa = PBXBuildFile; fileRef = 0B77B35F2A2C3B4700561D06 /* conv1.bin */; };
		0B77B3692A2C3B4800561D06 /* conv2.bin in Resources */ = {isa = PBXBuildFile; fileRef = 0B77B3602A2C3B4700561D06 /* conv2.bin */; };
		0B77B36A2A2C3B4800561D06 /* conv4.bin in Resources */ = {isa = PBXBuildFile; fileRef = 0B77B3612A2C3B4700561D06 /* conv4.bin */; };
		0B77B36B2A2C3B4800561D06 /* conv6.bin in Resources */ = {isa = PBXBuildFile; fileRef = 0B77B3622A2C3B4800561D06 /* conv6.bin */; };
		0B77B36E2A2C43DC00561D06 /* PaddingPolicy.m in Sources */ = {isa = PBXBuildFile; fileRef = 0B77B36D2A2C43DC00561D06 /* PaddingPolicy.m */; };
		0B77B39F2A2D208E00561D06 /* FontRenderer.mm in Sources */ = {isa = PBXBuildFile; fileRef = 0B77B39E2A2D208E00561D06 /* FontRenderer.mm */; };
		0B77B3A22A2D387B00561D06 /* fixedsys.fnt in Resources */ = {isa = PBXBuildFile; fileRef = 0B77B3A02A2D387B00561D06 /* fixedsys.fnt */; };
		0B77B3A32A2D387B00561D06 /* fixedsys.png in Resources */ = {isa = PBXBuildFile; fileRef = 0B77B3A12A2D387B00561D06 /* fixedsys.png */; };
		0BB6021B2A291FE800A5A492 /* AppDelegate.m in Sources */ = {isa = PBXBuildFile; fileRef = 0BB6021A2A291FE800A5A492 /* AppDelegate.m */; };
		0BB6021E2A291FE800A5A492 /* Renderer.m in Sources */ = {isa = PBXBuildFile; fileRef = 0BB6021D2A291FE800A5A492 /* Renderer.m */; };
		0BB602212A291FE800A5A492 /* GameViewController.m in Sources */ = {isa = PBXBuildFile; fileRef = 0BB602202A291FE800A5A492 /* GameViewController.m */; };
		0BB602232A291FE800A5A492 /* Shaders.metal in Sources */ = {isa = PBXBuildFile; fileRef = 0BB602222A291FE800A5A492 /* Shaders.metal */; };
		0BB602272A291FE800A5A492 /* Main.storyboard in Resources */ = {isa = PBXBuildFile; fileRef = 0BB602252A291FE800A5A492 /* Main.storyboard */; };
		0BB602292A291FE900A5A492 /* Assets.xcassets in Resources */ = {isa = PBXBuildFile; fileRef = 0BB602282A291FE900A5A492 /* Assets.xcassets */; };
		0BB6022C2A291FE900A5A492 /* LaunchScreen.storyboard in Resources */ = {isa = PBXBuildFile; fileRef = 0BB6022A2A291FE900A5A492 /* LaunchScreen.storyboard */; };
		0BB6022E2A291FE900A5A492 /* main.m in Sources */ = {isa = PBXBuildFile; fileRef = 0BB6022D2A291FE900A5A492 /* main.m */; };
		0BB602362A2A56F400A5A492 /* Camera.m in Sources */ = {isa = PBXBuildFile; fileRef = 0BB602352A2A56F400A5A492 /* Camera.m */; };
		0BB602392A2A5F2300A5A492 /* NSMutableArray+QueueAdditions.m in Sources */ = {isa = PBXBuildFile; fileRef = 0BB602382A2A5F2300A5A492 /* NSMutableArray+QueueAdditions.m */; };
		0BDA0BD52A2B100800E55F24 /* Time.cpp in Sources */ = {isa = PBXBuildFile; fileRef = 0BDA0BD42A2B100800E55F24 /* Time.cpp */; };
		0BDA0C092A2C20CA00E55F24 /* YOLONet.mm in Sources */ = {isa = PBXBuildFile; fileRef = 0BDA0C082A2C20CA00E55F24 /* YOLONet.mm */; };
		0BDA0C0B2A2C243B00E55F24 /* NetParams.m in Sources */ = {isa = PBXBuildFile; fileRef = 0BDA0C0A2A2C243B00E55F24 /* NetParams.m */; };
/* End PBXBuildFile section */

/* Begin PBXFileReference section */
		0B77B35A2A2C3B4600561D06 /* conv3.bin */ = {isa = PBXFileReference; lastKnownFileType = archive.macbinary; path = conv3.bin; sourceTree = "<group>"; };
		0B77B35B2A2C3B4600561D06 /* conv5.bin */ = {isa = PBXFileReference; lastKnownFileType = archive.macbinary; path = conv5.bin; sourceTree = "<group>"; };
		0B77B35C2A2C3B4600561D06 /* conv7.bin */ = {isa = PBXFileReference; lastKnownFileType = archive.macbinary; path = conv7.bin; sourceTree = "<group>"; };
		0B77B35D2A2C3B4700561D06 /* conv8.bin */ = {isa = PBXFileReference; lastKnownFileType = archive.macbinary; path = conv8.bin; sourceTree = "<group>"; };
		0B77B35E2A2C3B4700561D06 /* conv9.bin */ = {isa = PBXFileReference; lastKnownFileType = archive.macbinary; path = conv9.bin; sourceTree = "<group>"; };
		0B77B35F2A2C3B4700561D06 /* conv1.bin */ = {isa = PBXFileReference; lastKnownFileType = archive.macbinary; path = conv1.bin; sourceTree = "<group>"; };
		0B77B3602A2C3B4700561D06 /* conv2.bin */ = {isa = PBXFileReference; lastKnownFileType = archive.macbinary; path = conv2.bin; sourceTree = "<group>"; };
		0B77B3612A2C3B4700561D06 /* conv4.bin */ = {isa = PBXFileReference; lastKnownFileType = archive.macbinary; path = conv4.bin; sourceTree = "<group>"; };
		0B77B3622A2C3B4800561D06 /* conv6.bin */ = {isa = PBXFileReference; lastKnownFileType = archive.macbinary; path = conv6.bin; sourceTree = "<group>"; };
		0B77B36C2A2C43CE00561D06 /* PaddingPolicy.h */ = {isa = PBXFileReference; lastKnownFileType = sourcecode.c.h; path = PaddingPolicy.h; sourceTree = "<group>"; };
		0B77B36D2A2C43DC00561D06 /* PaddingPolicy.m */ = {isa = PBXFileReference; lastKnownFileType = sourcecode.c.objc; path = PaddingPolicy.m; sourceTree = "<group>"; };
		0B77B39D2A2D208E00561D06 /* FontRenderer.h */ = {isa = PBXFileReference; fileEncoding = 4; lastKnownFileType = sourcecode.c.h; path = FontRenderer.h; sourceTree = "<group>"; };
		0B77B39E2A2D208E00561D06 /* FontRenderer.mm */ = {isa = PBXFileReference; fileEncoding = 4; lastKnownFileType = sourcecode.cpp.objcpp; path = FontRenderer.mm; sourceTree = "<group>"; };
		0B77B3A02A2D387B00561D06 /* fixedsys.fnt */ = {isa = PBXFileReference; fileEncoding = 4; lastKnownFileType = text; path = fixedsys.fnt; sourceTree = "<group>"; };
		0B77B3A12A2D387B00561D06 /* fixedsys.png */ = {isa = PBXFileReference; lastKnownFileType = image.png; path = fixedsys.png; sourceTree = "<group>"; };
		0BB602162A291FE800A5A492 /* CS231NFinalProject.app */ = {isa = PBXFileReference; explicitFileType = wrapper.application; includeInIndex = 0; path = CS231NFinalProject.app; sourceTree = BUILT_PRODUCTS_DIR; };
		0BB602192A291FE800A5A492 /* AppDelegate.h */ = {isa = PBXFileReference; lastKnownFileType = sourcecode.c.h; path = AppDelegate.h; sourceTree = "<group>"; };
		0BB6021A2A291FE800A5A492 /* AppDelegate.m */ = {isa = PBXFileReference; lastKnownFileType = sourcecode.c.objc; path = AppDelegate.m; sourceTree = "<group>"; };
		0BB6021C2A291FE800A5A492 /* Renderer.h */ = {isa = PBXFileReference; lastKnownFileType = sourcecode.c.h; path = Renderer.h; sourceTree = "<group>"; };
		0BB6021D2A291FE800A5A492 /* Renderer.m */ = {isa = PBXFileReference; lastKnownFileType = sourcecode.c.objc; path = Renderer.m; sourceTree = "<group>"; };
		0BB6021F2A291FE800A5A492 /* GameViewController.h */ = {isa = PBXFileReference; lastKnownFileType = sourcecode.c.h; path = GameViewController.h; sourceTree = "<group>"; };
		0BB602202A291FE800A5A492 /* GameViewController.m */ = {isa = PBXFileReference; lastKnownFileType = sourcecode.c.objc; path = GameViewController.m; sourceTree = "<group>"; };
		0BB602222A291FE800A5A492 /* Shaders.metal */ = {isa = PBXFileReference; lastKnownFileType = sourcecode.metal; path = Shaders.metal; sourceTree = "<group>"; };
		0BB602242A291FE800A5A492 /* ShaderTypes.h */ = {isa = PBXFileReference; lastKnownFileType = sourcecode.c.h; path = ShaderTypes.h; sourceTree = "<group>"; };
		0BB602262A291FE800A5A492 /* Base */ = {isa = PBXFileReference; lastKnownFileType = file.storyboard; name = Base; path = Base.lproj/Main.storyboard; sourceTree = "<group>"; };
		0BB602282A291FE900A5A492 /* Assets.xcassets */ = {isa = PBXFileReference; lastKnownFileType = folder.assetcatalog; path = Assets.xcassets; sourceTree = "<group>"; };
		0BB6022B2A291FE900A5A492 /* Base */ = {isa = PBXFileReference; lastKnownFileType = file.storyboard; name = Base; path = Base.lproj/LaunchScreen.storyboard; sourceTree = "<group>"; };
		0BB6022D2A291FE900A5A492 /* main.m */ = {isa = PBXFileReference; lastKnownFileType = sourcecode.c.objc; path = main.m; sourceTree = "<group>"; };
		0BB602342A2A56E000A5A492 /* Camera.h */ = {isa = PBXFileReference; lastKnownFileType = sourcecode.c.h; path = Camera.h; sourceTree = "<group>"; };
		0BB602352A2A56F400A5A492 /* Camera.m */ = {isa = PBXFileReference; lastKnownFileType = sourcecode.c.objc; path = Camera.m; sourceTree = "<group>"; };
		0BB602372A2A5EC600A5A492 /* NSMutableArray+QueueAdditions.h */ = {isa = PBXFileReference; lastKnownFileType = sourcecode.c.h; path = "NSMutableArray+QueueAdditions.h"; sourceTree = "<group>"; };
		0BB602382A2A5F2300A5A492 /* NSMutableArray+QueueAdditions.m */ = {isa = PBXFileReference; lastKnownFileType = sourcecode.c.objc; path = "NSMutableArray+QueueAdditions.m"; sourceTree = "<group>"; };
		0BB6023B2A2A60B200A5A492 /* Def.h */ = {isa = PBXFileReference; lastKnownFileType = sourcecode.c.h; path = Def.h; sourceTree = "<group>"; };
		0BB6023C2A2A9A1D00A5A492 /* Info.plist */ = {isa = PBXFileReference; lastKnownFileType = text.plist; path = Info.plist; sourceTree = "<group>"; };
		0BDA0BD32A2B100800E55F24 /* Time.h */ = {isa = PBXFileReference; fileEncoding = 4; lastKnownFileType = sourcecode.c.h; path = Time.h; sourceTree = "<group>"; };
		0BDA0BD42A2B100800E55F24 /* Time.cpp */ = {isa = PBXFileReference; fileEncoding = 4; lastKnownFileType = sourcecode.cpp.cpp; path = Time.cpp; sourceTree = "<group>"; };
		0BDA0C072A2C20BD00E55F24 /* YOLONet.h */ = {isa = PBXFileReference; lastKnownFileType = sourcecode.c.h; path = YOLONet.h; sourceTree = "<group>"; };
		0BDA0C082A2C20CA00E55F24 /* YOLONet.mm */ = {isa = PBXFileReference; lastKnownFileType = sourcecode.cpp.objcpp; path = YOLONet.mm; sourceTree = "<group>"; };
		0BDA0C0A2A2C243B00E55F24 /* NetParams.m */ = {isa = PBXFileReference; lastKnownFileType = sourcecode.c.objc; path = NetParams.m; sourceTree = "<group>"; };
		0BDA0C0C2A2C244500E55F24 /* NetParams.h */ = {isa = PBXFileReference; lastKnownFileType = sourcecode.c.h; path = NetParams.h; sourceTree = "<group>"; };
/* End PBXFileReference section */

/* Begin PBXFrameworksBuildPhase section */
		0BB602132A291FE800A5A492 /* Frameworks */ = {
			isa = PBXFrameworksBuildPhase;
			buildActionMask = 2147483647;
			files = (
			);
			runOnlyForDeploymentPostprocessing = 0;
		};
/* End PBXFrameworksBuildPhase section */

/* Begin PBXGroup section */
		0B77B3472A2C380400561D06 /* Resources */ = {
			isa = PBXGroup;
			children = (
				0B77B3A02A2D387B00561D06 /* fixedsys.fnt */,
				0B77B3A12A2D387B00561D06 /* fixedsys.png */,
				0B77B35F2A2C3B4700561D06 /* conv1.bin */,
				0B77B3602A2C3B4700561D06 /* conv2.bin */,
				0B77B35A2A2C3B4600561D06 /* conv3.bin */,
				0B77B3612A2C3B4700561D06 /* conv4.bin */,
				0B77B35B2A2C3B4600561D06 /* conv5.bin */,
				0B77B3622A2C3B4800561D06 /* conv6.bin */,
				0B77B35C2A2C3B4600561D06 /* conv7.bin */,
				0B77B35D2A2C3B4700561D06 /* conv8.bin */,
				0B77B35E2A2C3B4700561D06 /* conv9.bin */,
			);
			path = Resources;
			sourceTree = "<group>";
		};
		0BB6020D2A291FE800A5A492 = {
			isa = PBXGroup;
			children = (
				0BB602182A291FE800A5A492 /* CS231NFinalProject */,
				0BB602172A291FE800A5A492 /* Products */,
			);
			sourceTree = "<group>";
		};
		0BB602172A291FE800A5A492 /* Products */ = {
			isa = PBXGroup;
			children = (
				0BB602162A291FE800A5A492 /* CS231NFinalProject.app */,
			);
			name = Products;
			sourceTree = "<group>";
		};
		0BB602182A291FE800A5A492 /* CS231NFinalProject */ = {
			isa = PBXGroup;
			children = (
				0B77B3472A2C380400561D06 /* Resources */,
				0BDA0BD42A2B100800E55F24 /* Time.cpp */,
				0BDA0BD32A2B100800E55F24 /* Time.h */,
				0BB6023C2A2A9A1D00A5A492 /* Info.plist */,
				0BB602192A291FE800A5A492 /* AppDelegate.h */,
				0BB6021A2A291FE800A5A492 /* AppDelegate.m */,
				0BB6021C2A291FE800A5A492 /* Renderer.h */,
				0BB6021D2A291FE800A5A492 /* Renderer.m */,
				0BB6021F2A291FE800A5A492 /* GameViewController.h */,
				0BB602202A291FE800A5A492 /* GameViewController.m */,
				0BB602342A2A56E000A5A492 /* Camera.h */,
				0BB602352A2A56F400A5A492 /* Camera.m */,
				0BB602222A291FE800A5A492 /* Shaders.metal */,
				0BB602242A291FE800A5A492 /* ShaderTypes.h */,
				0BB602252A291FE800A5A492 /* Main.storyboard */,
				0BB602282A291FE900A5A492 /* Assets.xcassets */,
				0BB6022A2A291FE900A5A492 /* LaunchScreen.storyboard */,
				0BB6022D2A291FE900A5A492 /* main.m */,
				0BB602372A2A5EC600A5A492 /* NSMutableArray+QueueAdditions.h */,
				0BB602382A2A5F2300A5A492 /* NSMutableArray+QueueAdditions.m */,
				0BB6023B2A2A60B200A5A492 /* Def.h */,
				0BDA0C072A2C20BD00E55F24 /* YOLONet.h */,
				0BDA0C082A2C20CA00E55F24 /* YOLONet.mm */,
				0BDA0C0A2A2C243B00E55F24 /* NetParams.m */,
				0BDA0C0C2A2C244500E55F24 /* NetParams.h */,
				0B77B36C2A2C43CE00561D06 /* PaddingPolicy.h */,
				0B77B36D2A2C43DC00561D06 /* PaddingPolicy.m */,
				0B77B39D2A2D208E00561D06 /* FontRenderer.h */,
				0B77B39E2A2D208E00561D06 /* FontRenderer.mm */,
			);
			path = CS231NFinalProject;
			sourceTree = "<group>";
		};
/* End PBXGroup section */

/* Begin PBXNativeTarget section */
		0BB602152A291FE800A5A492 /* CS231NFinalProject */ = {
			isa = PBXNativeTarget;
			buildConfigurationList = 0BB602312A291FE900A5A492 /* Build configuration list for PBXNativeTarget "CS231NFinalProject" */;
			buildPhases = (
				0BB602122A291FE800A5A492 /* Sources */,
				0BB602132A291FE800A5A492 /* Frameworks */,
				0BB602142A291FE800A5A492 /* Resources */,
			);
			buildRules = (
			);
			dependencies = (
			);
			name = CS231NFinalProject;
			productName = CS231NFinalProject;
			productReference = 0BB602162A291FE800A5A492 /* CS231NFinalProject.app */;
			productType = "com.apple.product-type.application";
		};
/* End PBXNativeTarget section */

/* Begin PBXProject section */
		0BB6020E2A291FE800A5A492 /* Project object */ = {
			isa = PBXProject;
			attributes = {
				BuildIndependentTargetsInParallel = 1;
				LastUpgradeCheck = 1410;
				TargetAttributes = {
					0BB602152A291FE800A5A492 = {
						CreatedOnToolsVersion = 14.1;
					};
				};
			};
			buildConfigurationList = 0BB602112A291FE800A5A492 /* Build configuration list for PBXProject "CS231NFinalProject" */;
			compatibilityVersion = "Xcode 14.0";
			developmentRegion = en;
			hasScannedForEncodings = 0;
			knownRegions = (
				en,
				Base,
			);
			mainGroup = 0BB6020D2A291FE800A5A492;
			productRefGroup = 0BB602172A291FE800A5A492 /* Products */;
			projectDirPath = "";
			projectRoot = "";
			targets = (
				0BB602152A291FE800A5A492 /* CS231NFinalProject */,
			);
		};
/* End PBXProject section */

/* Begin PBXResourcesBuildPhase section */
		0BB602142A291FE800A5A492 /* Resources */ = {
			isa = PBXResourcesBuildPhase;
			buildActionMask = 2147483647;
			files = (
				0B77B36B2A2C3B4800561D06 /* conv6.bin in Resources */,
				0B77B3682A2C3B4800561D06 /* conv1.bin in Resources */,
				0BB6022C2A291FE900A5A492 /* LaunchScreen.storyboard in Resources */,
				0B77B3662A2C3B4800561D06 /* conv8.bin in Resources */,
				0B77B3632A2C3B4800561D06 /* conv3.bin in Resources */,
				0B77B3642A2C3B4800561D06 /* conv5.bin in Resources */,
				0B77B3A32A2D387B00561D06 /* fixedsys.png in Resources */,
				0B77B36A2A2C3B4800561D06 /* conv4.bin in Resources */,
				0B77B3652A2C3B4800561D06 /* conv7.bin in Resources */,
				0B77B3A22A2D387B00561D06 /* fixedsys.fnt in Resources */,
				0BB602292A291FE900A5A492 /* Assets.xcassets in Resources */,
				0BB602272A291FE800A5A492 /* Main.storyboard in Resources */,
				0B77B3692A2C3B4800561D06 /* conv2.bin in Resources */,
				0B77B3672A2C3B4800561D06 /* conv9.bin in Resources */,
			);
			runOnlyForDeploymentPostprocessing = 0;
		};
/* End PBXResourcesBuildPhase section */

/* Begin PBXSourcesBuildPhase section */
		0BB602122A291FE800A5A492 /* Sources */ = {
			isa = PBXSourcesBuildPhase;
			buildActionMask = 2147483647;
			files = (
				0BDA0BD52A2B100800E55F24 /* Time.cpp in Sources */,
				0B77B39F2A2D208E00561D06 /* FontRenderer.mm in Sources */,
				0BB6022E2A291FE900A5A492 /* main.m in Sources */,
				0BB602232A291FE800A5A492 /* Shaders.metal in Sources */,
				0BB6021E2A291FE800A5A492 /* Renderer.m in Sources */,
				0BB602212A291FE800A5A492 /* GameViewController.m in Sources */,
				0BDA0C092A2C20CA00E55F24 /* YOLONet.mm in Sources */,
				0BB602362A2A56F400A5A492 /* Camera.m in Sources */,
				0BDA0C0B2A2C243B00E55F24 /* NetParams.m in Sources */,
				0BB6021B2A291FE800A5A492 /* AppDelegate.m in Sources */,
				0BB602392A2A5F2300A5A492 /* NSMutableArray+QueueAdditions.m in Sources */,
				0B77B36E2A2C43DC00561D06 /* PaddingPolicy.m in Sources */,
			);
			runOnlyForDeploymentPostprocessing = 0;
		};
/* End PBXSourcesBuildPhase section */

/* Begin PBXVariantGroup section */
		0BB602252A291FE800A5A492 /* Main.storyboard */ = {
			isa = PBXVariantGroup;
			children = (
				0BB602262A291FE800A5A492 /* Base */,
			);
			name = Main.storyboard;
			sourceTree = "<group>";
		};
		0BB6022A2A291FE900A5A492 /* LaunchScreen.storyboard */ = {
			isa = PBXVariantGroup;
			children = (
				0BB6022B2A291FE900A5A492 /* Base */,
			);
			name = LaunchScreen.storyboard;
			sourceTree = "<group>";
		};
/* End PBXVariantGroup section */

/* Begin XCBuildConfiguration section */
		0BB6022F2A291FE900A5A492 /* Debug */ = {
			isa = XCBuildConfiguration;
			buildSettings = {
				ALWAYS_SEARCH_USER_PATHS = NO;
				CLANG_ANALYZER_NONNULL = YES;
				CLANG_ANALYZER_NUMBER_OBJECT_CONVERSION = YES_AGGRESSIVE;
				CLANG_CXX_LANGUAGE_STANDARD = "gnu++20";
				CLANG_ENABLE_MODULES = YES;
				CLANG_ENABLE_OBJC_ARC = YES;
				CLANG_ENABLE_OBJC_WEAK = YES;
				CLANG_WARN_BLOCK_CAPTURE_AUTORELEASING = YES;
				CLANG_WARN_BOOL_CONVERSION = YES;
				CLANG_WARN_COMMA = YES;
				CLANG_WARN_CONSTANT_CONVERSION = YES;
				CLANG_WARN_DEPRECATED_OBJC_IMPLEMENTATIONS = YES;
				CLANG_WARN_DIRECT_OBJC_ISA_USAGE = YES_ERROR;
				CLANG_WARN_DOCUMENTATION_COMMENTS = YES;
				CLANG_WARN_EMPTY_BODY = YES;
				CLANG_WARN_ENUM_CONVERSION = YES;
				CLANG_WARN_INFINITE_RECURSION = YES;
				CLANG_WARN_INT_CONVERSION = YES;
				CLANG_WARN_NON_LITERAL_NULL_CONVERSION = YES;
				CLANG_WARN_OBJC_IMPLICIT_RETAIN_SELF = YES;
				CLANG_WARN_OBJC_LITERAL_CONVERSION = YES;
				CLANG_WARN_OBJC_ROOT_CLASS = YES_ERROR;
				CLANG_WARN_QUOTED_INCLUDE_IN_FRAMEWORK_HEADER = YES;
				CLANG_WARN_RANGE_LOOP_ANALYSIS = YES;
				CLANG_WARN_STRICT_PROTOTYPES = YES;
				CLANG_WARN_SUSPICIOUS_MOVE = YES;
				CLANG_WARN_UNGUARDED_AVAILABILITY = YES_AGGRESSIVE;
				CLANG_WARN_UNREACHABLE_CODE = YES;
				CLANG_WARN__DUPLICATE_METHOD_MATCH = YES;
				COPY_PHASE_STRIP = NO;
				DEBUG_INFORMATION_FORMAT = dwarf;
				ENABLE_STRICT_OBJC_MSGSEND = YES;
				ENABLE_TESTABILITY = YES;
				GCC_C_LANGUAGE_STANDARD = gnu11;
				GCC_DYNAMIC_NO_PIC = NO;
				GCC_NO_COMMON_BLOCKS = YES;
				GCC_OPTIMIZATION_LEVEL = 0;
				GCC_PREPROCESSOR_DEFINITIONS = (
					"DEBUG=1",
					"$(inherited)",
				);
				GCC_WARN_64_TO_32_BIT_CONVERSION = YES;
				GCC_WARN_ABOUT_RETURN_TYPE = YES_ERROR;
				GCC_WARN_UNDECLARED_SELECTOR = YES;
				GCC_WARN_UNINITIALIZED_AUTOS = YES_AGGRESSIVE;
				GCC_WARN_UNUSED_FUNCTION = YES;
				GCC_WARN_UNUSED_VARIABLE = YES;
				IPHONEOS_DEPLOYMENT_TARGET = 16.1;
				MTL_ENABLE_DEBUG_INFO = INCLUDE_SOURCE;
				MTL_FAST_MATH = YES;
				ONLY_ACTIVE_ARCH = YES;
				SDKROOT = iphoneos;
			};
			name = Debug;
		};
		0BB602302A291FE900A5A492 /* Release */ = {
			isa = XCBuildConfiguration;
			buildSettings = {
				ALWAYS_SEARCH_USER_PATHS = NO;
				CLANG_ANALYZER_NONNULL = YES;
				CLANG_ANALYZER_NUMBER_OBJECT_CONVERSION = YES_AGGRESSIVE;
				CLANG_CXX_LANGUAGE_STANDARD = "gnu++20";
				CLANG_ENABLE_MODULES = YES;
				CLANG_ENABLE_OBJC_ARC = YES;
				CLANG_ENABLE_OBJC_WEAK = YES;
				CLANG_WARN_BLOCK_CAPTURE_AUTORELEASING = YES;
				CLANG_WARN_BOOL_CONVERSION = YES;
				CLANG_WARN_COMMA = YES;
				CLANG_WARN_CONSTANT_CONVERSION = YES;
				CLANG_WARN_DEPRECATED_OBJC_IMPLEMENTATIONS = YES;
				CLANG_WARN_DIRECT_OBJC_ISA_USAGE = YES_ERROR;
				CLANG_WARN_DOCUMENTATION_COMMENTS = YES;
				CLANG_WARN_EMPTY_BODY = YES;
				CLANG_WARN_ENUM_CONVERSION = YES;
				CLANG_WARN_INFINITE_RECURSION = YES;
				CLANG_WARN_INT_CONVERSION = YES;
				CLANG_WARN_NON_LITERAL_NULL_CONVERSION = YES;
				CLANG_WARN_OBJC_IMPLICIT_RETAIN_SELF = YES;
				CLANG_WARN_OBJC_LITERAL_CONVERSION = YES;
				CLANG_WARN_OBJC_ROOT_CLASS = YES_ERROR;
				CLANG_WARN_QUOTED_INCLUDE_IN_FRAMEWORK_HEADER = YES;
				CLANG_WARN_RANGE_LOOP_ANALYSIS = YES;
				CLANG_WARN_STRICT_PROTOTYPES = YES;
				CLANG_WARN_SUSPICIOUS_MOVE = YES;
				CLANG_WARN_UNGUARDED_AVAILABILITY = YES_AGGRESSIVE;
				CLANG_WARN_UNREACHABLE_CODE = YES;
				CLANG_WARN__DUPLICATE_METHOD_MATCH = YES;
				COPY_PHASE_STRIP = NO;
				DEBUG_INFORMATION_FORMAT = "dwarf-with-dsym";
				ENABLE_NS_ASSERTIONS = NO;
				ENABLE_STRICT_OBJC_MSGSEND = YES;
				GCC_C_LANGUAGE_STANDARD = gnu11;
				GCC_NO_COMMON_BLOCKS = YES;
				GCC_WARN_64_TO_32_BIT_CONVERSION = YES;
				GCC_WARN_ABOUT_RETURN_TYPE = YES_ERROR;
				GCC_WARN_UNDECLARED_SELECTOR = YES;
				GCC_WARN_UNINITIALIZED_AUTOS = YES_AGGRESSIVE;
				GCC_WARN_UNUSED_FUNCTION = YES;
				GCC_WARN_UNUSED_VARIABLE = YES;
				IPHONEOS_DEPLOYMENT_TARGET = 16.1;
				MTL_ENABLE_DEBUG_INFO = NO;
				MTL_FAST_MATH = YES;
				SDKROOT = iphoneos;
				VALIDATE_PRODUCT = YES;
			};
			name = Release;
		};
		0BB602322A291FE900A5A492 /* Debug */ = {
			isa = XCBuildConfiguration;
			buildSettings = {
				ASSETCATALOG_COMPILER_APPICON_NAME = AppIcon;
				ASSETCATALOG_COMPILER_GLOBAL_ACCENT_COLOR_NAME = AccentColor;
				CODE_SIGN_STYLE = Automatic;
				CURRENT_PROJECT_VERSION = 1;
				DEVELOPMENT_TEAM = MB79LP3G7N;
				GENERATE_INFOPLIST_FILE = YES;
				INFOPLIST_FILE = CS231NFinalProject/Info.plist;
				INFOPLIST_KEY_NSCameraUsageDescription = "CS231NFinalProject camera use";
				INFOPLIST_KEY_UIApplicationSupportsIndirectInputEvents = YES;
				INFOPLIST_KEY_UILaunchStoryboardName = LaunchScreen;
				INFOPLIST_KEY_UIMainStoryboardFile = Main;
				INFOPLIST_KEY_UIRequiredDeviceCapabilities = metal;
				INFOPLIST_KEY_UIStatusBarHidden = YES;
				INFOPLIST_KEY_UISupportedInterfaceOrientations_iPad = "UIInterfaceOrientationPortrait UIInterfaceOrientationPortraitUpsideDown UIInterfaceOrientationLandscapeLeft UIInterfaceOrientationLandscapeRight";
				INFOPLIST_KEY_UISupportedInterfaceOrientations_iPhone = "UIInterfaceOrientationPortrait UIInterfaceOrientationLandscapeLeft UIInterfaceOrientationLandscapeRight";
				IPHONEOS_DEPLOYMENT_TARGET = 16.0;
				LD_RUNPATH_SEARCH_PATHS = (
					"$(inherited)",
					"@executable_path/Frameworks",
				);
				MARKETING_VERSION = 1.0;
				PRODUCT_BUNDLE_IDENTIFIER = lol.CS231NFinalProject;
				PRODUCT_NAME = "$(TARGET_NAME)";
				SWIFT_EMIT_LOC_STRINGS = YES;
				TARGETED_DEVICE_FAMILY = "1,2";
			};
			name = Debug;
		};
		0BB602332A291FE900A5A492 /* Release */ = {
			isa = XCBuildConfiguration;
			buildSettings = {
				ASSETCATALOG_COMPILER_APPICON_NAME = AppIcon;
				ASSETCATALOG_COMPILER_GLOBAL_ACCENT_COLOR_NAME = AccentColor;
				CODE_SIGN_STYLE = Automatic;
				CURRENT_PROJECT_VERSION = 1;
				DEVELOPMENT_TEAM = MB79LP3G7N;
				GENERATE_INFOPLIST_FILE = YES;
				INFOPLIST_FILE = CS231NFinalProject/Info.plist;
				INFOPLIST_KEY_NSCameraUsageDescription = "CS231NFinalProject camera use";
				INFOPLIST_KEY_UIApplicationSupportsIndirectInputEvents = YES;
				INFOPLIST_KEY_UILaunchStoryboardName = LaunchScreen;
				INFOPLIST_KEY_UIMainStoryboardFile = Main;
				INFOPLIST_KEY_UIRequiredDeviceCapabilities = metal;
				INFOPLIST_KEY_UIStatusBarHidden = YES;
				INFOPLIST_KEY_UISupportedInterfaceOrientations_iPad = "UIInterfaceOrientationPortrait UIInterfaceOrientationPortraitUpsideDown UIInterfaceOrientationLandscapeLeft UIInterfaceOrientationLandscapeRight";
				INFOPLIST_KEY_UISupportedInterfaceOrientations_iPhone = "UIInterfaceOrientationPortrait UIInterfaceOrientationLandscapeLeft UIInterfaceOrientationLandscapeRight";
				IPHONEOS_DEPLOYMENT_TARGET = 16.0;
				LD_RUNPATH_SEARCH_PATHS = (
					"$(inherited)",
					"@executable_path/Frameworks",
				);
				MARKETING_VERSION = 1.0;
				PRODUCT_BUNDLE_IDENTIFIER = lol.CS231NFinalProject;
				PRODUCT_NAME = "$(TARGET_NAME)";
				SWIFT_EMIT_LOC_STRINGS = YES;
				TARGETED_DEVICE_FAMILY = "1,2";
			};
			name = Release;
		};
/* End XCBuildConfiguration section */

/* Begin XCConfigurationList section */
		0BB602112A291FE800A5A492 /* Build configuration list for PBXProject "CS231NFinalProject" */ = {
			isa = XCConfigurationList;
			buildConfigurations = (
				0BB6022F2A291FE900A5A492 /* Debug */,
				0BB602302A291FE900A5A492 /* Release */,
			);
			defaultConfigurationIsVisible = 0;
			defaultConfigurationName = Release;
		};
		0BB602312A291FE900A5A492 /* Build configuration list for PBXNativeTarget "CS231NFinalProject" */ = {
			isa = XCConfigurationList;
			buildConfigurations = (
				0BB602322A291FE900A5A492 /* Debug */,
				0BB602332A291FE900A5A492 /* Release */,
			);
			defaultConfigurationIsVisible = 0;
			defaultConfigurationName = Release;
		};
/* End XCConfigurationList section */
	};
	rootObject = 0BB6020E2A291FE800A5A492 /* Project object */;
}
